
Microsoft Visual Studio Solution File, Format Version 11.00
# Visual Studio 2010
Project("{FAE04EC0-301F-11D3-BF4B-00C04F79EFBC}") = "videocore-elf-dis", "videocore-elf-dis\videocore-elf-dis.csproj", "{0AC62BD0-0A44-4634-8799-9B86C7E1347C}"
EndProject
Global
	GlobalSection(SolutionConfigurationPlatforms) = preSolution
		Debug|x86 = Debug|x86
		Release|x86 = Release|x86
	EndGlobalSection
	GlobalSection(ProjectConfigurationPlatforms) = postSolution
		{0AC62BD0-0A44-4634-8799-9B86C7E1347C}.Debug|x86.ActiveCfg = Debug|x86
		{0AC62BD0-0A44-4634-8799-9B86C7E1347C}.Debug|x86.Build.0 = Debug|x86
		{0AC62BD0-0A44-4634-8799-9B86C7E1347C}.Release|x86.ActiveCfg = Release|x86
		{0AC62BD0-0A44-4634-8799-9B86C7E1347C}.Release|x86.Build.0 = Release|x86
	EndGlobalSection
	GlobalSection(MonoDevelopProperties) = preSolution
		StartupItem = videocore-elf-dis\videocore-elf-dis.csproj
	EndGlobalSection
EndGlobal
